{
  "version": "4",
  "specifiers": {
    "jsr:@oak/commons@1": "1.0.0",
    "jsr:@oak/oak@*": "17.1.0",
    "jsr:@oak/oak@^17.1.0": "17.1.0",
    "jsr:@std/assert@1": "1.0.6",
    "jsr:@std/bytes@1": "1.0.2",
    "jsr:@std/bytes@^1.0.2": "1.0.2",
    "jsr:@std/crypto@1": "1.0.3",
    "jsr:@std/dotenv@*": "0.225.2",
    "jsr:@std/encoding@1": "1.0.5",
    "jsr:@std/encoding@^1.0.5": "1.0.5",
    "jsr:@std/http@1": "1.0.8",
    "jsr:@std/internal@^1.0.4": "1.0.4",
    "jsr:@std/io@0.224": "0.224.9",
    "jsr:@std/media-types@1": "1.0.3",
    "jsr:@std/path@1": "1.0.6",
    "jsr:@supabase/supabase-js@^2.45.4": "2.45.4",
    "npm:@supabase/auth-js@2.65.0": "2.65.0",
    "npm:@supabase/functions-js@2.4.1": "2.4.1",
    "npm:@supabase/node-fetch@2.6.15": "2.6.15",
    "npm:@supabase/postgrest-js@1.16.1": "1.16.1",
    "npm:@supabase/realtime-js@2.10.2": "2.10.2",
    "npm:@supabase/storage-js@2.7.0": "2.7.0",
    "npm:@types/node@*": "22.5.4",
    "npm:aws-sdk@^2.1691.0": "2.1691.0",
    "npm:path-to-regexp@6.2.1": "6.2.1"
  },
  "jsr": {
    "@oak/commons@1.0.0": {
      "integrity": "49805b55603c3627a9d6235c0655aa2b6222d3036b3a13ff0380c16368f607ac",
      "dependencies": [
        "jsr:@std/assert",
        "jsr:@std/bytes@1",
        "jsr:@std/crypto",
        "jsr:@std/encoding@1",
        "jsr:@std/http",
        "jsr:@std/media-types"
      ]
    },
    "@oak/oak@17.1.0": {
      "integrity": "14ffb400c3c268bdc7b3a838664fab782b4ed35bb0dfe7669013c95bb12a9503",
      "dependencies": [
        "jsr:@oak/commons",
        "jsr:@std/assert",
        "jsr:@std/bytes@1",
        "jsr:@std/crypto",
        "jsr:@std/http",
        "jsr:@std/io",
        "jsr:@std/media-types",
        "jsr:@std/path",
        "npm:path-to-regexp"
      ]
    },
    "@std/assert@1.0.6": {
      "integrity": "1904c05806a25d94fe791d6d883b685c9e2dcd60e4f9fc30f4fc5cf010c72207",
      "dependencies": [
        "jsr:@std/internal"
      ]
    },
    "@std/bytes@1.0.2": {
      "integrity": "fbdee322bbd8c599a6af186a1603b3355e59a5fb1baa139f8f4c3c9a1b3e3d57"
    },
    "@std/crypto@1.0.3": {
      "integrity": "a2a32f51ddef632d299e3879cd027c630dcd4d1d9a5285d6e6788072f4e51e7f"
    },
    "@std/dotenv@0.225.2": {
      "integrity": "e2025dce4de6c7bca21dece8baddd4262b09d5187217e231b033e088e0c4dd23"
    },
    "@std/encoding@1.0.5": {
      "integrity": "ecf363d4fc25bd85bd915ff6733a7e79b67e0e7806334af15f4645c569fefc04"
    },
    "@std/http@1.0.8": {
      "integrity": "6ea1b2e8d33929967754a3b6d6c6f399ad6647d7bbb5a466c1eaf9b294a6ebcd",
      "dependencies": [
        "jsr:@std/encoding@^1.0.5"
      ]
    },
    "@std/internal@1.0.4": {
      "integrity": "62e8e4911527e5e4f307741a795c0b0a9e6958d0b3790716ae71ce085f755422"
    },
    "@std/io@0.224.9": {
      "integrity": "4414664b6926f665102e73c969cfda06d2c4c59bd5d0c603fd4f1b1c840d6ee3",
      "dependencies": [
        "jsr:@std/bytes@^1.0.2"
      ]
    },
    "@std/media-types@1.0.3": {
      "integrity": "b12d30a7852f7578f4d210622df713bbfd1cbdd9b4ec2eaf5c1845ab70bab159"
    },
    "@std/path@1.0.6": {
      "integrity": "ab2c55f902b380cf28e0eec501b4906e4c1960d13f00e11cfbcd21de15f18fed"
    },
    "@supabase/supabase-js@2.45.4": {
      "integrity": "8437784b8631665a28fadff4521003a119e5702010ccb31e68d84a6d29379e18",
      "dependencies": [
        "npm:@supabase/auth-js",
        "npm:@supabase/functions-js",
        "npm:@supabase/node-fetch",
        "npm:@supabase/postgrest-js",
        "npm:@supabase/realtime-js",
        "npm:@supabase/storage-js"
      ]
    }
  },
  "npm": {
    "@supabase/auth-js@2.65.0": {
      "integrity": "sha512-+wboHfZufAE2Y612OsKeVP4rVOeGZzzMLD/Ac3HrTQkkY4qXNjI6Af9gtmxwccE5nFvTiF114FEbIQ1hRq5uUw==",
      "dependencies": [
        "@supabase/node-fetch"
      ]
    },
    "@supabase/functions-js@2.4.1": {
      "integrity": "sha512-8sZ2ibwHlf+WkHDUZJUXqqmPvWQ3UHN0W30behOJngVh/qHHekhJLCFbh0AjkE9/FqqXtf9eoVvmYgfCLk5tNA==",
      "dependencies": [
        "@supabase/node-fetch"
      ]
    },
    "@supabase/node-fetch@2.6.15": {
      "integrity": "sha512-1ibVeYUacxWYi9i0cf5efil6adJ9WRyZBLivgjs+AUpewx1F3xPi7gLgaASI2SmIQxPoCEjAsLAzKPgMJVgOUQ==",
      "dependencies": [
        "whatwg-url"
      ]
    },
    "@supabase/postgrest-js@1.16.1": {
      "integrity": "sha512-EOSEZFm5pPuCPGCmLF1VOCS78DfkSz600PBuvBND/IZmMciJ1pmsS3ss6TkB6UkuvTybYiBh7gKOYyxoEO3USA==",
      "dependencies": [
        "@supabase/node-fetch"
      ]
    },
    "@supabase/realtime-js@2.10.2": {
      "integrity": "sha512-qyCQaNg90HmJstsvr2aJNxK2zgoKh9ZZA8oqb7UT2LCh3mj9zpa3Iwu167AuyNxsxrUE8eEJ2yH6wLCij4EApA==",
      "dependencies": [
        "@supabase/node-fetch",
        "@types/phoenix",
        "@types/ws",
        "ws"
      ]
    },
    "@supabase/storage-js@2.7.0": {
      "integrity": "sha512-iZenEdO6Mx9iTR6T7wC7sk6KKsoDPLq8rdu5VRy7+JiT1i8fnqfcOr6mfF2Eaqky9VQzhP8zZKQYjzozB65Rig==",
      "dependencies": [
        "@supabase/node-fetch"
      ]
    },
    "@types/node@22.5.4": {
      "integrity": "sha512-FDuKUJQm/ju9fT/SeX/6+gBzoPzlVCzfzmGkwKvRHQVxi4BntVbyIwf6a4Xn62mrvndLiml6z/UBXIdEVjQLXg==",
      "dependencies": [
        "undici-types"
      ]
    },
    "@types/phoenix@1.6.5": {
      "integrity": "sha512-xegpDuR+z0UqG9fwHqNoy3rI7JDlvaPh2TY47Fl80oq6g+hXT+c/LEuE43X48clZ6lOfANl5WrPur9fYO1RJ/w=="
    },
    "@types/ws@8.5.12": {
      "integrity": "sha512-3tPRkv1EtkDpzlgyKyI8pGsGZAGPEaXeu0DOj5DI25Ja91bdAYddYHbADRYVrZMRbfW+1l5YwXVDKohDJNQxkQ==",
      "dependencies": [
        "@types/node"
      ]
    },
    "available-typed-arrays@1.0.7": {
      "integrity": "sha512-wvUjBtSGN7+7SjNpq/9M2Tg350UZD3q62IFZLbRAR1bSMlCo1ZaeW+BJ+D090e4hIIZLBcTDWe4Mh4jvUDajzQ==",
      "dependencies": [
        "possible-typed-array-names"
      ]
    },
    "aws-sdk@2.1691.0": {
      "integrity": "sha512-/F2YC+DlsY3UBM2Bdnh5RLHOPNibS/+IcjUuhP8XuctyrN+MlL+fWDAiela32LTDk7hMy4rx8MTgvbJ+0blO5g==",
      "dependencies": [
        "buffer",
        "events",
        "ieee754",
        "jmespath",
        "querystring",
        "sax",
        "url",
        "util",
        "uuid",
        "xml2js"
      ]
    },
    "base64-js@1.5.1": {
      "integrity": "sha512-AKpaYlHn8t4SVbOHCy+b5+KKgvR4vrsD8vbvrbiQJps7fKDTkjkDry6ji0rUJjC0kzbNePLwzxq8iypo41qeWA=="
    },
    "buffer@4.9.2": {
      "integrity": "sha512-xq+q3SRMOxGivLhBNaUdC64hDTQwejJ+H0T/NB1XMtTVEwNTrfFF3gAxiyW0Bu/xWEGhjVKgUcMhCrUy2+uCWg==",
      "dependencies": [
        "base64-js",
        "ieee754",
        "isarray"
      ]
    },
    "call-bind@1.0.7": {
      "integrity": "sha512-GHTSNSYICQ7scH7sZ+M2rFopRoLh8t2bLSW6BbgrtLsahOIB5iyAVJf9GjWK3cYTDaMj4XdBpM1cA6pIS0Kv2w==",
      "dependencies": [
        "es-define-property",
        "es-errors",
        "function-bind",
        "get-intrinsic",
        "set-function-length"
      ]
    },
    "define-data-property@1.1.4": {
      "integrity": "sha512-rBMvIzlpA8v6E+SJZoo++HAYqsLrkg7MSfIinMPFhmkorw7X+dOXVJQs+QT69zGkzMyfDnIMN2Wid1+NbL3T+A==",
      "dependencies": [
        "es-define-property",
        "es-errors",
        "gopd"
      ]
    },
    "es-define-property@1.0.0": {
      "integrity": "sha512-jxayLKShrEqqzJ0eumQbVhTYQM27CfT1T35+gCgDFoL82JLsXqTJ76zv6A0YLOgEnLUMvLzsDsGIrl8NFpT2gQ==",
      "dependencies": [
        "get-intrinsic"
      ]
    },
    "es-errors@1.3.0": {
      "integrity": "sha512-Zf5H2Kxt2xjTvbJvP2ZWLEICxA6j+hAmMzIlypy4xcBg1vKVnx89Wy0GbS+kf5cwCVFFzdCFh2XSCFNULS6csw=="
    },
    "events@1.1.1": {
      "integrity": "sha512-kEcvvCBByWXGnZy6JUlgAp2gBIUjfCAV6P6TgT1/aaQKcmuAEC4OZTV1I4EWQLz2gxZw76atuVyvHhTxvi0Flw=="
    },
    "for-each@0.3.3": {
      "integrity": "sha512-jqYfLp7mo9vIyQf8ykW2v7A+2N4QjeCeI5+Dz9XraiO1ign81wjiH7Fb9vSOWvQfNtmSa4H2RoQTrrXivdUZmw==",
      "dependencies": [
        "is-callable"
      ]
    },
    "function-bind@1.1.2": {
      "integrity": "sha512-7XHNxH7qX9xG5mIwxkhumTox/MIRNcOgDrxWsMt2pAr23WHp6MrRlN7FBSFpCpr+oVO0F744iUgR82nJMfG2SA=="
    },
    "get-intrinsic@1.2.4": {
      "integrity": "sha512-5uYhsJH8VJBTv7oslg4BznJYhDoRI6waYCxMmCdnTrcCrHA/fCFKoTFz2JKKE0HdDFUF7/oQuhzumXJK7paBRQ==",
      "dependencies": [
        "es-errors",
        "function-bind",
        "has-proto",
        "has-symbols",
        "hasown"
      ]
    },
    "gopd@1.0.1": {
      "integrity": "sha512-d65bNlIadxvpb/A2abVdlqKqV563juRnZ1Wtk6s1sIR8uNsXR70xqIzVqxVf1eTqDunwT2MkczEeaezCKTZhwA==",
      "dependencies": [
        "get-intrinsic"
      ]
    },
    "has-property-descriptors@1.0.2": {
      "integrity": "sha512-55JNKuIW+vq4Ke1BjOTjM2YctQIvCT7GFzHwmfZPGo5wnrgkid0YQtnAleFSqumZm4az3n2BS+erby5ipJdgrg==",
      "dependencies": [
        "es-define-property"
      ]
    },
    "has-proto@1.0.3": {
      "integrity": "sha512-SJ1amZAJUiZS+PhsVLf5tGydlaVB8EdFpaSO4gmiUKUOxk8qzn5AIy4ZeJUmh22znIdk/uMAUT2pl3FxzVUH+Q=="
    },
    "has-symbols@1.0.3": {
      "integrity": "sha512-l3LCuF6MgDNwTDKkdYGEihYjt5pRPbEg46rtlmnSPlUbgmB8LOIrKJbYYFBSbnPaJexMKtiPO8hmeRjRz2Td+A=="
    },
    "has-tostringtag@1.0.2": {
      "integrity": "sha512-NqADB8VjPFLM2V0VvHUewwwsw0ZWBaIdgo+ieHtK3hasLz4qeCRjYcqfB6AQrBggRKppKF8L52/VqdVsO47Dlw==",
      "dependencies": [
        "has-symbols"
      ]
    },
    "hasown@2.0.2": {
      "integrity": "sha512-0hJU9SCPvmMzIBdZFqNPXWa6dqh7WdH0cII9y+CyS8rG3nL48Bclra9HmKhVVUHyPWNH5Y7xDwAB7bfgSjkUMQ==",
      "dependencies": [
        "function-bind"
      ]
    },
    "ieee754@1.1.13": {
      "integrity": "sha512-4vf7I2LYV/HaWerSo3XmlMkp5eZ83i+/CDluXi/IGTs/O1sejBNhTtnxzmRZfvOUqj7lZjqHkeTvpgSFDlWZTg=="
    },
    "inherits@2.0.4": {
      "integrity": "sha512-k/vGaX4/Yla3WzyMCvTQOXYeIHvqOKtnqBduzTHpzpQZzAskKMhZ2K+EnBiSM9zGSoIFeMpXKxa4dYeZIQqewQ=="
    },
    "is-arguments@1.1.1": {
      "integrity": "sha512-8Q7EARjzEnKpt/PCD7e1cgUS0a6X8u5tdSiMqXhojOdoV9TsMsiO+9VLC5vAmO8N7/GmXn7yjR8qnA6bVAEzfA==",
      "dependencies": [
        "call-bind",
        "has-tostringtag"
      ]
    },
    "is-callable@1.2.7": {
      "integrity": "sha512-1BC0BVFhS/p0qtw6enp8e+8OD0UrK0oFLztSjNzhcKA3WDuJxxAPXzPuPtKkjEY9UUoEWlX/8fgKeu2S8i9JTA=="
    },
    "is-generator-function@1.0.10": {
      "integrity": "sha512-jsEjy9l3yiXEQ+PsXdmBwEPcOxaXWLspKdplFUVI9vq1iZgIekeC0L167qeu86czQaxed3q/Uzuw0swL0irL8A==",
      "dependencies": [
        "has-tostringtag"
      ]
    },
    "is-typed-array@1.1.13": {
      "integrity": "sha512-uZ25/bUAlUY5fR4OKT4rZQEBrzQWYV9ZJYGGsUmEJ6thodVJ1HX64ePQ6Z0qPWP+m+Uq6e9UugrE38jeYsDSMw==",
      "dependencies": [
        "which-typed-array"
      ]
    },
    "isarray@1.0.0": {
      "integrity": "sha512-VLghIWNM6ELQzo7zwmcg0NmTVyWKYjvIeM83yjp0wRDTmUnrM678fQbcKBo6n2CJEF0szoG//ytg+TKla89ALQ=="
    },
    "jmespath@0.16.0": {
      "integrity": "sha512-9FzQjJ7MATs1tSpnco1K6ayiYE3figslrXA72G2HQ/n76RzvYlofyi5QM+iX4YRs/pu3yzxlVQSST23+dMDknw=="
    },
    "path-to-regexp@6.2.1": {
      "integrity": "sha512-JLyh7xT1kizaEvcaXOQwOc2/Yhw6KZOvPf1S8401UyLk86CU79LN3vl7ztXGm/pZ+YjoyAJ4rxmHwbkBXJX+yw=="
    },
    "possible-typed-array-names@1.0.0": {
      "integrity": "sha512-d7Uw+eZoloe0EHDIYoe+bQ5WXnGMOpmiZFTuMWCwpjzzkL2nTjcKiAk4hh8TjnGye2TwWOk3UXucZ+3rbmBa8Q=="
    },
    "punycode@1.3.2": {
      "integrity": "sha512-RofWgt/7fL5wP1Y7fxE7/EmTLzQVnB0ycyibJ0OOHIlJqTNzglYFxVwETOcIoJqJmpDXJ9xImDv+Fq34F/d4Dw=="
    },
    "querystring@0.2.0": {
      "integrity": "sha512-X/xY82scca2tau62i9mDyU9K+I+djTMUsvwf7xnUX5GLvVzgJybOJf4Y6o9Zx3oJK/LSXg5tTZBjwzqVPaPO2g=="
    },
    "sax@1.2.1": {
      "integrity": "sha512-8I2a3LovHTOpm7NV5yOyO8IHqgVsfK4+UuySrXU8YXkSRX7k6hCV9b3HrkKCr3nMpgj+0bmocaJJWpvp1oc7ZA=="
    },
    "set-function-length@1.2.2": {
      "integrity": "sha512-pgRc4hJ4/sNjWCSS9AmnS40x3bNMDTknHgL5UaMBTMyJnU90EgWh1Rz+MC9eFu4BuN/UwZjKQuY/1v3rM7HMfg==",
      "dependencies": [
        "define-data-property",
        "es-errors",
        "function-bind",
        "get-intrinsic",
        "gopd",
        "has-property-descriptors"
      ]
    },
    "tr46@0.0.3": {
      "integrity": "sha512-N3WMsuqV66lT30CrXNbEjx4GEwlow3v6rr4mCcv6prnfwhS01rkgyFdjPNBYd9br7LpXV1+Emh01fHnq2Gdgrw=="
    },
    "undici-types@6.19.8": {
      "integrity": "sha512-ve2KP6f/JnbPBFyobGHuerC9g1FYGn/F8n1LWTwNxCEzd6IfqTwUQcNXgEtmmQ6DlRrC1hrSrBnCZPokRrDHjw=="
    },
    "url@0.10.3": {
      "integrity": "sha512-hzSUW2q06EqL1gKM/a+obYHLIO6ct2hwPuviqTTOcfFVc61UbfJ2Q32+uGL/HCPxKqrdGB5QUwIe7UqlDgwsOQ==",
      "dependencies": [
        "punycode",
        "querystring"
      ]
    },
    "util@0.12.5": {
      "integrity": "sha512-kZf/K6hEIrWHI6XqOFUiiMa+79wE/D8Q+NCNAWclkyg3b4d2k7s0QGepNjiABc+aR3N1PAyHL7p6UcLY6LmrnA==",
      "dependencies": [
        "inherits",
        "is-arguments",
        "is-generator-function",
        "is-typed-array",
        "which-typed-array"
      ]
    },
    "uuid@8.0.0": {
      "integrity": "sha512-jOXGuXZAWdsTH7eZLtyXMqUb9EcWMGZNbL9YcGBJl4MH4nrxHmZJhEHvyLFrkxo+28uLb/NYRcStH48fnD0Vzw=="
    },
    "webidl-conversions@3.0.1": {
      "integrity": "sha512-2JAn3z8AR6rjK8Sm8orRC0h/bcl/DqL7tRPdGZ4I1CjdF+EaMLmYxBHyXuKL849eucPFhvBoxMsflfOb8kxaeQ=="
    },
    "whatwg-url@5.0.0": {
      "integrity": "sha512-saE57nupxk6v3HY35+jzBwYa0rKSy0XR8JSxZPwgLr7ys0IBzhGviA1/TUGJLmSVqs8pb9AnvICXEuOHLprYTw==",
      "dependencies": [
        "tr46",
        "webidl-conversions"
      ]
    },
    "which-typed-array@1.1.15": {
      "integrity": "sha512-oV0jmFtUky6CXfkqehVvBP/LSWJ2sy4vWMioiENyJLePrBO/yKyV9OyJySfAKosh+RYkIl5zJCNZ8/4JncrpdA==",
      "dependencies": [
        "available-typed-arrays",
        "call-bind",
        "for-each",
        "gopd",
        "has-tostringtag"
      ]
    },
    "ws@8.18.0": {
      "integrity": "sha512-8VbfWfHLbbwu3+N6OKsOMpBdT4kXPDDB9cJk2bJ6mh9ucxdlnNvH1e+roYkKmN9Nxw2yjz7VzeO9oOz2zJ04Pw=="
    },
    "xml2js@0.6.2": {
      "integrity": "sha512-T4rieHaC1EXcES0Kxxj4JWgaUQHDk+qwHcYOCFHfiwKz7tOVPLq7Hjq9dM1WCMhylqMEfP7hMcOIChvotiZegA==",
      "dependencies": [
        "sax",
        "xmlbuilder"
      ]
    },
    "xmlbuilder@11.0.1": {
      "integrity": "sha512-fDlsI/kFEx7gLvbecc0/ohLG50fugQp8ryHzMTuW9vSa1GJ0XYWKnhsUx7oie3G98+r56aTQIUB4kht42R3JvA=="
    }
  },
  "redirects": {
    "https://esm.sh/@aws-sdk/client-s3": "https://esm.sh/@aws-sdk/client-s3@3.685.0"
  },
  "remote": {
    "https://esm.sh/@aws-sdk/client-s3@3.685.0": "a31a9493a9c92e1e8ca36cd22a2f4a576690bd03fc566e7259d4b998932858cf",
    "https://esm.sh/v135/@aws-crypto/crc32@5.2.0/denonext/crc32.mjs": "6a9bc8418c01e2539665b528ccea843f1319a3b32d759fcbb1d4468156c25100",
    "https://esm.sh/v135/@aws-crypto/crc32c@5.2.0/denonext/crc32c.mjs": "1e8985997bd2c0807d349acaf192a54147d779e5349faf6507f51aa8becb85ca",
    "https://esm.sh/v135/@aws-crypto/sha1-browser@5.2.0/denonext/sha1-browser.mjs": "d80868d5524769e0334b50124d547ce9875fb05f9924acca4c42ed877b41ce7f",
    "https://esm.sh/v135/@aws-crypto/sha256-browser@5.2.0/denonext/sha256-browser.mjs": "84e59b20eb4974a23fafdcf5fcd6513757ad195ca809b80d19a389602cff335a",
    "https://esm.sh/v135/@aws-crypto/sha256-js@5.2.0/denonext/sha256-js.mjs": "2e1014e03baf7b5eb5d773c8409af836dacbec2c0a522b789774f76d3eb2e5ad",
    "https://esm.sh/v135/@aws-crypto/supports-web-crypto@5.2.0/denonext/supports-web-crypto.mjs": "2ae3bd2aa25db0761277ad0feda7aea68cd829c89b714e8e03e07aac06345d81",
    "https://esm.sh/v135/@aws-crypto/util@5.2.0/denonext/util.mjs": "376903ba54e09eed466b45e243cef1133f20bf015c0505e70fc794896d1412d5",
    "https://esm.sh/v135/@aws-sdk/client-s3@3.685.0/denonext/client-s3.mjs": "f6b48e0dd35549b5db92a46c2d3d6b7b34e55e8328fd37f28b02ad6f23108b36",
    "https://esm.sh/v135/@aws-sdk/core@3.679.0/denonext/client.js": "b331a9ace837f22bd1cec202bdfbb45f4943b528c29439cb73ebe555bb34dfeb",
    "https://esm.sh/v135/@aws-sdk/core@3.679.0/denonext/core.mjs": "d58f87511dc6c16b9362c204620601b3131562c7c277af9b1160bd100736eacf",
    "https://esm.sh/v135/@aws-sdk/core@3.679.0/denonext/httpAuthSchemes.js": "0c2cd780afb6d90ecf929bdadb30ec76e26b1b014a526a2a5dde67e034f28b43",
    "https://esm.sh/v135/@aws-sdk/core@3.679.0/denonext/protocols.js": "b188da8d4469e02904b4e6830434ceb6710e53d69d7f3e6170825ce5fdd2ef7f",
    "https://esm.sh/v135/@aws-sdk/middleware-expect-continue@3.679.0/denonext/middleware-expect-continue.mjs": "f9933092cda6266a10d57eedb3c0feb64e4e470a6537a8a541fcaa6b2a496654",
    "https://esm.sh/v135/@aws-sdk/middleware-flexible-checksums@3.682.0/denonext/middleware-flexible-checksums.mjs": "6ff98dd9a0c960f1e8f0f9be0af9519e204b57cceccc459d3d012a78dc8b986d",
    "https://esm.sh/v135/@aws-sdk/middleware-host-header@3.679.0/denonext/middleware-host-header.mjs": "0455749933e1e123bae6322b8b512f472e753e75e7108e198c4f60df57c60a52",
    "https://esm.sh/v135/@aws-sdk/middleware-location-constraint@3.679.0/denonext/middleware-location-constraint.mjs": "f72f232917fde82bfa66681b22082cd3c8ef460bad83b1f32493b629f6823cfe",
    "https://esm.sh/v135/@aws-sdk/middleware-logger@3.679.0/denonext/middleware-logger.mjs": "46dcd2916faf7fac925593b1a5080bffdc33bd789464ca8efa357d6e633a6091",
    "https://esm.sh/v135/@aws-sdk/middleware-recursion-detection@3.679.0/denonext/middleware-recursion-detection.mjs": "a50d29108dc8c98ff8882c615f5888b9c863370794663bbedd99adfb03e570a6",
    "https://esm.sh/v135/@aws-sdk/middleware-sdk-s3@3.685.0/denonext/middleware-sdk-s3.mjs": "824f40d69aad34c789ff020ba8b095e06034d66a11ca74b46ce52f4580126c21",
    "https://esm.sh/v135/@aws-sdk/middleware-ssec@3.679.0/denonext/middleware-ssec.mjs": "865d015e0bd970393ef6f99c3459d3e9f1120457d869c38dffeb87f4198e8508",
    "https://esm.sh/v135/@aws-sdk/middleware-user-agent@3.682.0/denonext/middleware-user-agent.mjs": "7d59183917e6f7d234d3b0cecbfebecf74c27fa95a924911ecfe8f62aa8d2d7e",
    "https://esm.sh/v135/@aws-sdk/region-config-resolver@3.679.0/denonext/region-config-resolver.mjs": "af657a5c2f1ca16db659c9beb7ccfd1d4d17e6a674bd77254768477762b72e06",
    "https://esm.sh/v135/@aws-sdk/signature-v4-multi-region@3.685.0/denonext/signature-v4-multi-region.mjs": "0b58bb6eb2a4ac3706c1f92605d46a09a2d4dee24aa9c7e76d6cd339989e3ee4",
    "https://esm.sh/v135/@aws-sdk/util-arn-parser@3.679.0/denonext/util-arn-parser.mjs": "61fae1dfa14a6919ab6b4223fdec37df0e8c99cfbef44ca0a71b881ac5007cbe",
    "https://esm.sh/v135/@aws-sdk/util-endpoints@3.679.0/denonext/util-endpoints.mjs": "af21db97043833ec59fd1d7f362a4812641a3d5787fef07aa2da26e5b40aef92",
    "https://esm.sh/v135/@aws-sdk/util-locate-window@3.568.0/denonext/util-locate-window.mjs": "44c4acffec7669f2d0e0307ebfca7cac1f85260a6f8238dcbeb5e79f769e6f00",
    "https://esm.sh/v135/@aws-sdk/util-user-agent-browser@3.679.0/denonext/util-user-agent-browser.mjs": "2b2e496bd2f5f99d8825e2db68085e69ee45afb62205af7412c4b86056e201fa",
    "https://esm.sh/v135/@aws-sdk/xml-builder@3.679.0/denonext/xml-builder.mjs": "ae193691d2008b9fd198bafe5ad68487234603eaa5e90016ff0da84b2d69f262",
    "https://esm.sh/v135/@smithy/chunked-blob-reader@3.0.0/denonext/chunked-blob-reader.mjs": "bfd33430ff0d1b7c3dc6e42401a2adfcdeaf2dbb9ac56ca6578782c99e2cb359",
    "https://esm.sh/v135/@smithy/config-resolver@3.0.9/denonext/config-resolver.mjs": "9c7b6174ad15be79ce004d93a4197e1ea5c8972a37e9158416bef63572876ebd",
    "https://esm.sh/v135/@smithy/core@2.4.8/denonext/core.mjs": "d4ff471b2aa8f6ecf6cdee2df91c8827a77c048ed6e40acd3ddf5b69541cf482",
    "https://esm.sh/v135/@smithy/eventstream-codec@3.1.6/denonext/eventstream-codec.mjs": "2f44efc12f82089914bfcd2d31cbe4e2727cb204c115941874d34fe9e8161228",
    "https://esm.sh/v135/@smithy/eventstream-serde-browser@3.0.10/denonext/eventstream-serde-browser.mjs": "4778c959c0183702c5c650d87494e3fa28592b133ab634d5982f0ccbe46758a7",
    "https://esm.sh/v135/@smithy/eventstream-serde-config-resolver@3.0.7/denonext/eventstream-serde-config-resolver.mjs": "6aacee80328ea2ae09fc09656c255f91a57cdfac5f6e7d45eafe2d5f88055144",
    "https://esm.sh/v135/@smithy/eventstream-serde-universal@3.0.9/denonext/eventstream-serde-universal.mjs": "6470d4c19294db3ec9fa353d823037c7d599cbfbc81fb814c537bdde86a988d7",
    "https://esm.sh/v135/@smithy/fetch-http-handler@3.2.9/denonext/fetch-http-handler.mjs": "7d3745eb2a229a3ca7a17fb0ffaf7e788caad0fc6d445ccdb6d6c8d66073688d",
    "https://esm.sh/v135/@smithy/hash-blob-browser@3.1.6/denonext/hash-blob-browser.mjs": "babf6b7d1bea974bd4ed10bcdbcf63da54d0582be7a850e45bdb8316e30e1a0c",
    "https://esm.sh/v135/@smithy/invalid-dependency@3.0.7/denonext/invalid-dependency.mjs": "b71195c09b37a4bf820e600169f02bdff3c2dd32aa8bb60f14063496e6c510e4",
    "https://esm.sh/v135/@smithy/is-array-buffer@3.0.0/denonext/is-array-buffer.mjs": "f8bb7f850b646a10880d4e52c60151913b7d81911b2b1cd1355c9adef56ab3e2",
    "https://esm.sh/v135/@smithy/md5-js@3.0.7/denonext/md5-js.mjs": "b4e7b244adaebdc5befe4d7b0f954bb8a666e809c261c4d2f1bb018f4efb56f2",
    "https://esm.sh/v135/@smithy/middleware-content-length@3.0.9/denonext/middleware-content-length.mjs": "6acfaa5d8e34079b1d6ee910604689a0869548846c357f0e1ac12b7495709f11",
    "https://esm.sh/v135/@smithy/middleware-endpoint@3.1.4/denonext/middleware-endpoint.mjs": "54790da6c7d958f3199ec35a6d1c580a0c4d2b02bc8bc640617c186518b52cff",
    "https://esm.sh/v135/@smithy/middleware-retry@3.0.23/denonext/middleware-retry.mjs": "f4bc6fa434f6347e280bf0a4893d0d88dc91f7541a9cfc7481df1139cd5145ec",
    "https://esm.sh/v135/@smithy/middleware-serde@3.0.7/denonext/middleware-serde.mjs": "58ff4db1336735abb474da77423a2267dec23035189404bf304e63c146f0c3bb",
    "https://esm.sh/v135/@smithy/middleware-stack@3.0.7/denonext/middleware-stack.mjs": "dde29662809164fabcc70891f07dd34d6da256cd88c267d37bf5e4a3cb99abb7",
    "https://esm.sh/v135/@smithy/property-provider@3.1.7/denonext/property-provider.mjs": "9377753fe7e8cbf9df281a70d4318d8bf59d72243835396fcb2282fdcacd43da",
    "https://esm.sh/v135/@smithy/protocol-http@4.1.4/denonext/protocol-http.mjs": "8fe6a83e2dbe150d07ffac51b13e77f2097a5a45ee9789bb354729daf5763463",
    "https://esm.sh/v135/@smithy/querystring-builder@3.0.7/denonext/querystring-builder.mjs": "65bb958c10128c48d451aede162d1b06aae6e2f4ee801d0d1ddb8ea3deeb4078",
    "https://esm.sh/v135/@smithy/querystring-parser@3.0.7/denonext/querystring-parser.mjs": "05dc1faf8fa0537d1a4fc6e0708775149cf489b811075632c7bdcaed9fd3ce6f",
    "https://esm.sh/v135/@smithy/service-error-classification@3.0.7/denonext/service-error-classification.mjs": "0d9b626032af8bd8e878c6e6251ab44e6b46653737d6b567fb206d566910f998",
    "https://esm.sh/v135/@smithy/signature-v4@4.2.0/denonext/signature-v4.mjs": "9294c55a24a00f88a3631d75e954a8fd556b1139df35f709db0a7c7526e2a5b8",
    "https://esm.sh/v135/@smithy/smithy-client@3.4.0/denonext/smithy-client.mjs": "5bc180fb892ad2da531355d0d640bcf99d86c95d931b4d3a02cd488f8d4b729b",
    "https://esm.sh/v135/@smithy/types@3.5.0/denonext/types.mjs": "502f585662c706d709c62f3632d08d25d45d6c3d968c1f03990f32f98cdb734d",
    "https://esm.sh/v135/@smithy/url-parser@3.0.7/denonext/url-parser.mjs": "a03ccee31688f5f7b2611a269fcd3aafe9a6c5c119e91484c3be3df7a0cfc625",
    "https://esm.sh/v135/@smithy/util-base64@3.0.0/denonext/util-base64.mjs": "d6a01faaa94fdbeb4b92b02e91801dfbe241439e37a0edf7d817c59daf66c0e3",
    "https://esm.sh/v135/@smithy/util-body-length-browser@3.0.0/denonext/util-body-length-browser.mjs": "d67382004d61919b97a756a454f9b312cfb0011a9727d3d1ca69ebddf1c7843a",
    "https://esm.sh/v135/@smithy/util-config-provider@3.0.0/denonext/util-config-provider.mjs": "832c0ab1d3b06a51351ea23b33628bd36a37ef570e02e469f6ab39f71d88d7b1",
    "https://esm.sh/v135/@smithy/util-defaults-mode-browser@3.0.23/denonext/util-defaults-mode-browser.mjs": "fdd769bfc0e66e4593ba2f90303eb77ec596cf838d1599fc35c1335726526753",
    "https://esm.sh/v135/@smithy/util-endpoints@2.1.3/denonext/util-endpoints.mjs": "3988191cbde7caa55023a8d7411f0ac165a609a3c5532dee917e361eaa8cbd90",
    "https://esm.sh/v135/@smithy/util-hex-encoding@3.0.0/denonext/util-hex-encoding.mjs": "cbdd7aabeb3903596980e2903efec3e5501f7e1259fb7b97e327a3b4e635f23c",
    "https://esm.sh/v135/@smithy/util-middleware@3.0.7/denonext/util-middleware.mjs": "ddd6fc53bd4e1dcb9fe6b4946d7296928ed74576b0bcd82e25715c98a712d3d2",
    "https://esm.sh/v135/@smithy/util-retry@3.0.7/denonext/util-retry.mjs": "ca470e905d839a61943fc2f47545d7f8af24bae29ecc27e36d9092f6bdbc46e8",
    "https://esm.sh/v135/@smithy/util-stream@3.1.9/denonext/util-stream.mjs": "807685a4478b6c79a6ad2225a990206503cfea490371179427fbbd960d96d3f0",
    "https://esm.sh/v135/@smithy/util-uri-escape@3.0.0/denonext/util-uri-escape.mjs": "df2c80781ede692323dee6e2da3711e7ccc4f7a1cee949b09aba8d1ce15bbe03",
    "https://esm.sh/v135/@smithy/util-utf8@2.0.2/denonext/util-utf8.mjs": "d1869dca8a21b3e6c297cb55f90e1b78bf8f365afd1f173c16d719f28245604b",
    "https://esm.sh/v135/@smithy/util-utf8@2.3.0/denonext/util-utf8.mjs": "10a9f2014b2b5b2e387e04c1c7974e8219332fa30a6904923f54a46c974c6c84",
    "https://esm.sh/v135/@smithy/util-utf8@3.0.0/denonext/util-utf8.mjs": "abe704ed8c4266b29906116ef723b98e8729078537b252c9a213ad373559488a",
    "https://esm.sh/v135/@smithy/util-waiter@3.1.6/denonext/util-waiter.mjs": "175a1bdb931e0f7a0a4ae85970f14593654b44c6d8e1c1f1a29452f270094d45",
    "https://esm.sh/v135/bowser@2.11.0/denonext/bowser.mjs": "3fd0c5d68c4bb8b3243c1b0ac76442fa90f5e20ee12773ce2b2f476c2e7a3615",
    "https://esm.sh/v135/fast-xml-parser@4.4.1/denonext/fast-xml-parser.mjs": "506f0ae0ce83e4664b4e2a3bf3cde30b3d44c019012938ab12b76fa38353e864",
    "https://esm.sh/v135/strnum@1.0.5/denonext/strnum.mjs": "1ffef4adec2f74139e36a2bfed8381880541396fe1c315779fb22e081b17468b",
    "https://esm.sh/v135/tslib@2.6.2/denonext/tslib.mjs": "29782bcd3139f77ec063dc5a9385c0fff4a8d0a23b6765c73d9edeb169a04bf1",
    "https://esm.sh/v135/tslib@2.6.3/denonext/tslib.mjs": "0834c22e9fbf95f6a5659cc2017543f7d41aa880f24ab84cb11d24e6bee99303",
    "https://esm.sh/v135/uuid@9.0.1/denonext/uuid.mjs": "7d7d3aa57fa136e2540886654c416d9da10d8cfebe408bae47fd47070f0bfb2a"
  },
  "workspace": {
    "dependencies": [
      "jsr:@oak/oak@^17.1.0",
      "jsr:@supabase/supabase-js@^2.45.4",
      "npm:aws-sdk@^2.1691.0"
    ]
  }
}
